
Microsoft Visual Studio Solution File, Format Version 12.00
# Visual Studio 15
VisualStudioVersion = 15.0.27428.2037
MinimumVisualStudioVersion = 10.0.40219.1
Project("{9A19103F-16F7-4668-BE54-9A1E7A4F7556}") = "UtilityBeltCore", "UtilityBeltCore\UtilityBeltCore.csproj", "{1B7403C6-E3B0-4CCF-9922-0A870872D765}"
EndProject
Project("{9A19103F-16F7-4668-BE54-9A1E7A4F7556}") = "UtilityBeltCore.UnitTests", "UtilityBeltCore.UnitTests\UtilityBeltCore.UnitTests.csproj", "{4CC0C101-7D8F-48C6-B9B6-854BEB02DF4C}"
EndProject
Global
	GlobalSection(SolutionConfigurationPlatforms) = preSolution
		Debug|Any CPU = Debug|Any CPU
		Release|Any CPU = Release|Any CPU
	EndGlobalSection
	GlobalSection(ProjectConfigurationPlatforms) = postSolution
		{1B7403C6-E3B0-4CCF-9922-0A870872D765}.Debug|Any CPU.ActiveCfg = Debug|Any CPU
		{1B7403C6-E3B0-4CCF-9922-0A870872D765}.Debug|Any CPU.Build.0 = Debug|Any CPU
		{1B7403C6-E3B0-4CCF-9922-0A870872D765}.Release|Any CPU.ActiveCfg = Release|Any CPU
		{1B7403C6-E3B0-4CCF-9922-0A870872D765}.Release|Any CPU.Build.0 = Release|Any CPU
		{4CC0C101-7D8F-48C6-B9B6-854BEB02DF4C}.Debug|Any CPU.ActiveCfg = Debug|Any CPU
		{4CC0C101-7D8F-48C6-B9B6-854BEB02DF4C}.Debug|Any CPU.Build.0 = Debug|Any CPU
		{4CC0C101-7D8F-48C6-B9B6-854BEB02DF4C}.Release|Any CPU.ActiveCfg = Release|Any CPU
		{4CC0C101-7D8F-48C6-B9B6-854BEB02DF4C}.Release|Any CPU.Build.0 = Release|Any CPU
	EndGlobalSection
	GlobalSection(SolutionProperties) = preSolution
		HideSolutionNode = FALSE
	EndGlobalSection
	GlobalSection(ExtensibilityGlobals) = postSolution
		SolutionGuid = {E534A498-8692-4C3D-9929-9A9FDC7C2FB9}
	EndGlobalSection
EndGlobal
